
Microsoft Visual Studio Solution File, Format Version 12.00
# Visual Studio Version 16
VisualStudioVersion = 16.0.29503.13
MinimumVisualStudioVersion = 10.0.40219.1
Project("{FAE04EC0-301F-11D3-BF4B-00C04F79EFBC}") = "Test_Stavitskii", "Test_Stavitskii\Test_Stavitskii.csproj", "{61319042-3458-4C86-B066-00CD3CB661EA}"
EndProject
Global
	GlobalSection(SolutionConfigurationPlatforms) = preSolution
		Debug|Any CPU = Debug|Any CPU
		Release|Any CPU = Release|Any CPU
	EndGlobalSection
	GlobalSection(ProjectConfigurationPlatforms) = postSolution
		{61319042-3458-4C86-B066-00CD3CB661EA}.Debug|Any CPU.ActiveCfg = Debug|Any CPU
		{61319042-3458-4C86-B066-00CD3CB661EA}.Debug|Any CPU.Build.0 = Debug|Any CPU
		{61319042-3458-4C86-B066-00CD3CB661EA}.Release|Any CPU.ActiveCfg = Release|Any CPU
		{61319042-3458-4C86-B066-00CD3CB661EA}.Release|Any CPU.Build.0 = Release|Any CPU
	EndGlobalSection
	GlobalSection(SolutionProperties) = preSolution
		HideSolutionNode = FALSE
	EndGlobalSection
	GlobalSection(ExtensibilityGlobals) = postSolution
		SolutionGuid = {D2F909D3-F3A5-4C7A-943A-BDEB63245D9C}
	EndGlobalSection
EndGlobal
